
Microsoft Visual Studio Solution File, Format Version 12.00
# Visual Studio Version 16
VisualStudioVersion = 16.0.31624.102
MinimumVisualStudioVersion = 10.0.40219.1
Project("{FAE04EC0-301F-11D3-BF4B-00C04F79EFBC}") = "BookMyShow", "BookMyShow.csproj", "{C2A7F33C-E28A-43CD-AD98-9412FC9B7B7A}"
EndProject
Global
	GlobalSection(SolutionConfigurationPlatforms) = preSolution
		Debug|Any CPU = Debug|Any CPU
		Release|Any CPU = Release|Any CPU
	EndGlobalSection
	GlobalSection(ProjectConfigurationPlatforms) = postSolution
		{C2A7F33C-E28A-43CD-AD98-9412FC9B7B7A}.Debug|Any CPU.ActiveCfg = Debug|Any CPU
		{C2A7F33C-E28A-43CD-AD98-9412FC9B7B7A}.Debug|Any CPU.Build.0 = Debug|Any CPU
		{C2A7F33C-E28A-43CD-AD98-9412FC9B7B7A}.Release|Any CPU.ActiveCfg = Release|Any CPU
		{C2A7F33C-E28A-43CD-AD98-9412FC9B7B7A}.Release|Any CPU.Build.0 = Release|Any CPU
	EndGlobalSection
	GlobalSection(SolutionProperties) = preSolution
		HideSolutionNode = FALSE
	EndGlobalSection
	GlobalSection(ExtensibilityGlobals) = postSolution
		SolutionGuid = {0CE764BA-DA44-4CA1-A502-BB2CA1A4EED9}
	EndGlobalSection
EndGlobal
